
Microsoft Visual Studio Solution File, Format Version 12.00
# Visual Studio Version 17
VisualStudioVersion = 17.7.34202.233
MinimumVisualStudioVersion = 10.0.40219.1
Project("{8BC9CEB8-8B4A-11D0-8D11-00A0C91BC942}") = "Ch10_01", "Ch10_01\Ch10_01.vcxproj", "{6AFE154A-5FF5-47DC-8668-EA9670BF700F}"
EndProject
Project("{8BC9CEB8-8B4A-11D0-8D11-00A0C91BC942}") = "Ch10_02", "Ch10_02\Ch10_02.vcxproj", "{FF309B7E-DED6-4E09-B1BA-057F5780BA37}"
EndProject
Project("{8BC9CEB8-8B4A-11D0-8D11-00A0C91BC942}") = "Ch10_03", "Ch10_03\Ch10_03.vcxproj", "{01E38C49-2018-4C91-82AC-3923F22AD90A}"
EndProject
Project("{8BC9CEB8-8B4A-11D0-8D11-00A0C91BC942}") = "Ch10_04", "Ch10_04\Ch10_04.vcxproj", "{9EAE1D3A-A127-460A-A5D8-4D7EE3A7BC4C}"
EndProject
Project("{8BC9CEB8-8B4A-11D0-8D11-00A0C91BC942}") = "Ch10_05", "Ch10_05\Ch10_05.vcxproj", "{5780F6FD-96BC-4BC9-A6FD-DB0EAC6C1938}"
EndProject
Project("{8BC9CEB8-8B4A-11D0-8D11-00A0C91BC942}") = "Ch10_06", "Ch10_06\Ch10_06.vcxproj", "{231DC616-3081-4069-9057-8B66BBD473E7}"
EndProject
Project("{8BC9CEB8-8B4A-11D0-8D11-00A0C91BC942}") = "Ch10_07", "Ch10_07\Ch10_07.vcxproj", "{44D42C2F-27F8-49CA-AB1D-A0A282EB65FB}"
EndProject
Project("{8BC9CEB8-8B4A-11D0-8D11-00A0C91BC942}") = "Ch10_08", "Ch10_08\Ch10_08.vcxproj", "{01B3A4A1-A9C0-4D13-A687-A71B61CE1631}"
EndProject
Global
	GlobalSection(SolutionConfigurationPlatforms) = preSolution
		Debug|x64 = Debug|x64
		Debug|x86 = Debug|x86
		Release|x64 = Release|x64
		Release|x86 = Release|x86
	EndGlobalSection
	GlobalSection(ProjectConfigurationPlatforms) = postSolution
		{6AFE154A-5FF5-47DC-8668-EA9670BF700F}.Debug|x64.ActiveCfg = Debug|x64
		{6AFE154A-5FF5-47DC-8668-EA9670BF700F}.Debug|x64.Build.0 = Debug|x64
		{6AFE154A-5FF5-47DC-8668-EA9670BF700F}.Debug|x86.ActiveCfg = Debug|Win32
		{6AFE154A-5FF5-47DC-8668-EA9670BF700F}.Debug|x86.Build.0 = Debug|Win32
		{6AFE154A-5FF5-47DC-8668-EA9670BF700F}.Release|x64.ActiveCfg = Release|x64
		{6AFE154A-5FF5-47DC-8668-EA9670BF700F}.Release|x64.Build.0 = Release|x64
		{6AFE154A-5FF5-47DC-8668-EA9670BF700F}.Release|x86.ActiveCfg = Release|Win32
		{6AFE154A-5FF5-47DC-8668-EA9670BF700F}.Release|x86.Build.0 = Release|Win32
		{FF309B7E-DED6-4E09-B1BA-057F5780BA37}.Debug|x64.ActiveCfg = Debug|x64
		{FF309B7E-DED6-4E09-B1BA-057F5780BA37}.Debug|x64.Build.0 = Debug|x64
		{FF309B7E-DED6-4E09-B1BA-057F5780BA37}.Debug|x86.ActiveCfg = Debug|Win32
		{FF309B7E-DED6-4E09-B1BA-057F5780BA37}.Debug|x86.Build.0 = Debug|Win32
		{FF309B7E-DED6-4E09-B1BA-057F5780BA37}.Release|x64.ActiveCfg = Release|x64
		{FF309B7E-DED6-4E09-B1BA-057F5780BA37}.Release|x64.Build.0 = Release|x64
		{FF309B7E-DED6-4E09-B1BA-057F5780BA37}.Release|x86.ActiveCfg = Release|Win32
		{FF309B7E-DED6-4E09-B1BA-057F5780BA37}.Release|x86.Build.0 = Release|Win32
		{01E38C49-2018-4C91-82AC-3923F22AD90A}.Debug|x64.ActiveCfg = Debug|x64
		{01E38C49-2018-4C91-82AC-3923F22AD90A}.Debug|x64.Build.0 = Debug|x64
		{01E38C49-2018-4C91-82AC-3923F22AD90A}.Debug|x86.ActiveCfg = Debug|Win32
		{01E38C49-2018-4C91-82AC-3923F22AD90A}.Debug|x86.Build.0 = Debug|Win32
		{01E38C49-2018-4C91-82AC-3923F22AD90A}.Release|x64.ActiveCfg = Release|x64
		{01E38C49-2018-4C91-82AC-3923F22AD90A}.Release|x64.Build.0 = Release|x64
		{01E38C49-2018-4C91-82AC-3923F22AD90A}.Release|x86.ActiveCfg = Release|Win32
		{01E38C49-2018-4C91-82AC-3923F22AD90A}.Release|x86.Build.0 = Release|Win32
		{9EAE1D3A-A127-460A-A5D8-4D7EE3A7BC4C}.Debug|x64.ActiveCfg = Debug|x64
		{9EAE1D3A-A127-460A-A5D8-4D7EE3A7BC4C}.Debug|x64.Build.0 = Debug|x64
		{9EAE1D3A-A127-460A-A5D8-4D7EE3A7BC4C}.Debug|x86.ActiveCfg = Debug|Win32
		{9EAE1D3A-A127-460A-A5D8-4D7EE3A7BC4C}.Debug|x86.Build.0 = Debug|Win32
		{9EAE1D3A-A127-460A-A5D8-4D7EE3A7BC4C}.Release|x64.ActiveCfg = Release|x64
		{9EAE1D3A-A127-460A-A5D8-4D7EE3A7BC4C}.Release|x64.Build.0 = Release|x64
		{9EAE1D3A-A127-460A-A5D8-4D7EE3A7BC4C}.Release|x86.ActiveCfg = Release|Win32
		{9EAE1D3A-A127-460A-A5D8-4D7EE3A7BC4C}.Release|x86.Build.0 = Release|Win32
		{5780F6FD-96BC-4BC9-A6FD-DB0EAC6C1938}.Debug|x64.ActiveCfg = Debug|x64
		{5780F6FD-96BC-4BC9-A6FD-DB0EAC6C1938}.Debug|x64.Build.0 = Debug|x64
		{5780F6FD-96BC-4BC9-A6FD-DB0EAC6C1938}.Debug|x86.ActiveCfg = Debug|Win32
		{5780F6FD-96BC-4BC9-A6FD-DB0EAC6C1938}.Debug|x86.Build.0 = Debug|Win32
		{5780F6FD-96BC-4BC9-A6FD-DB0EAC6C1938}.Release|x64.ActiveCfg = Release|x64
		{5780F6FD-96BC-4BC9-A6FD-DB0EAC6C1938}.Release|x64.Build.0 = Release|x64
		{5780F6FD-96BC-4BC9-A6FD-DB0EAC6C1938}.Release|x86.ActiveCfg = Release|Win32
		{5780F6FD-96BC-4BC9-A6FD-DB0EAC6C1938}.Release|x86.Build.0 = Release|Win32
		{231DC616-3081-4069-9057-8B66BBD473E7}.Debug|x64.ActiveCfg = Debug|x64
		{231DC616-3081-4069-9057-8B66BBD473E7}.Debug|x64.Build.0 = Debug|x64
		{231DC616-3081-4069-9057-8B66BBD473E7}.Debug|x86.ActiveCfg = Debug|Win32
		{231DC616-3081-4069-9057-8B66BBD473E7}.Debug|x86.Build.0 = Debug|Win32
		{231DC616-3081-4069-9057-8B66BBD473E7}.Release|x64.ActiveCfg = Release|x64
		{231DC616-3081-4069-9057-8B66BBD473E7}.Release|x64.Build.0 = Release|x64
		{231DC616-3081-4069-9057-8B66BBD473E7}.Release|x86.ActiveCfg = Release|Win32
		{231DC616-3081-4069-9057-8B66BBD473E7}.Release|x86.Build.0 = Release|Win32
		{44D42C2F-27F8-49CA-AB1D-A0A282EB65FB}.Debug|x64.ActiveCfg = Debug|x64
		{44D42C2F-27F8-49CA-AB1D-A0A282EB65FB}.Debug|x64.Build.0 = Debug|x64
		{44D42C2F-27F8-49CA-AB1D-A0A282EB65FB}.Debug|x86.ActiveCfg = Debug|Win32
		{44D42C2F-27F8-49CA-AB1D-A0A282EB65FB}.Debug|x86.Build.0 = Debug|Win32
		{44D42C2F-27F8-49CA-AB1D-A0A282EB65FB}.Release|x64.ActiveCfg = Release|x64
		{44D42C2F-27F8-49CA-AB1D-A0A282EB65FB}.Release|x64.Build.0 = Release|x64
		{44D42C2F-27F8-49CA-AB1D-A0A282EB65FB}.Release|x86.ActiveCfg = Release|Win32
		{44D42C2F-27F8-49CA-AB1D-A0A282EB65FB}.Release|x86.Build.0 = Release|Win32
		{01B3A4A1-A9C0-4D13-A687-A71B61CE1631}.Debug|x64.ActiveCfg = Debug|x64
		{01B3A4A1-A9C0-4D13-A687-A71B61CE1631}.Debug|x64.Build.0 = Debug|x64
		{01B3A4A1-A9C0-4D13-A687-A71B61CE1631}.Debug|x86.ActiveCfg = Debug|Win32
		{01B3A4A1-A9C0-4D13-A687-A71B61CE1631}.Debug|x86.Build.0 = Debug|Win32
		{01B3A4A1-A9C0-4D13-A687-A71B61CE1631}.Release|x64.ActiveCfg = Release|x64
		{01B3A4A1-A9C0-4D13-A687-A71B61CE1631}.Release|x64.Build.0 = Release|x64
		{01B3A4A1-A9C0-4D13-A687-A71B61CE1631}.Release|x86.ActiveCfg = Release|Win32
		{01B3A4A1-A9C0-4D13-A687-A71B61CE1631}.Release|x86.Build.0 = Release|Win32
	EndGlobalSection
	GlobalSection(SolutionProperties) = preSolution
		HideSolutionNode = FALSE
	EndGlobalSection
	GlobalSection(ExtensibilityGlobals) = postSolution
		SolutionGuid = {BDA301EF-9F6C-4663-A324-3AF7C987F29E}
	EndGlobalSection
EndGlobal
