
Microsoft Visual Studio Solution File, Format Version 12.00
# Visual Studio Version 17
VisualStudioVersion = 17.7.34202.233
MinimumVisualStudioVersion = 10.0.40219.1
Project("{8BC9CEB8-8B4A-11D0-8D11-00A0C91BC942}") = "Ch07_01", "Ch07_01\Ch07_01.vcxproj", "{A084F4AB-4DFC-49E6-A967-05389C84DB6B}"
EndProject
Project("{8BC9CEB8-8B4A-11D0-8D11-00A0C91BC942}") = "Ch07_02", "Ch07_02\Ch07_02.vcxproj", "{982BBAFA-2686-4C64-917B-7D07BEA68472}"
EndProject
Project("{8BC9CEB8-8B4A-11D0-8D11-00A0C91BC942}") = "Ch07_03", "Ch07_03\Ch07_03.vcxproj", "{D3AD64EC-093B-415C-8966-2E2911946A58}"
EndProject
Project("{8BC9CEB8-8B4A-11D0-8D11-00A0C91BC942}") = "Ch07_04", "Ch07_04\Ch07_04.vcxproj", "{6D1D5114-83B2-4D4B-8686-6C9AE2E03A2B}"
EndProject
Global
	GlobalSection(SolutionConfigurationPlatforms) = preSolution
		Debug|x64 = Debug|x64
		Debug|x86 = Debug|x86
		Release|x64 = Release|x64
		Release|x86 = Release|x86
	EndGlobalSection
	GlobalSection(ProjectConfigurationPlatforms) = postSolution
		{A084F4AB-4DFC-49E6-A967-05389C84DB6B}.Debug|x64.ActiveCfg = Debug|x64
		{A084F4AB-4DFC-49E6-A967-05389C84DB6B}.Debug|x64.Build.0 = Debug|x64
		{A084F4AB-4DFC-49E6-A967-05389C84DB6B}.Debug|x86.ActiveCfg = Debug|Win32
		{A084F4AB-4DFC-49E6-A967-05389C84DB6B}.Debug|x86.Build.0 = Debug|Win32
		{A084F4AB-4DFC-49E6-A967-05389C84DB6B}.Release|x64.ActiveCfg = Release|x64
		{A084F4AB-4DFC-49E6-A967-05389C84DB6B}.Release|x64.Build.0 = Release|x64
		{A084F4AB-4DFC-49E6-A967-05389C84DB6B}.Release|x86.ActiveCfg = Release|Win32
		{A084F4AB-4DFC-49E6-A967-05389C84DB6B}.Release|x86.Build.0 = Release|Win32
		{982BBAFA-2686-4C64-917B-7D07BEA68472}.Debug|x64.ActiveCfg = Debug|x64
		{982BBAFA-2686-4C64-917B-7D07BEA68472}.Debug|x64.Build.0 = Debug|x64
		{982BBAFA-2686-4C64-917B-7D07BEA68472}.Debug|x86.ActiveCfg = Debug|Win32
		{982BBAFA-2686-4C64-917B-7D07BEA68472}.Debug|x86.Build.0 = Debug|Win32
		{982BBAFA-2686-4C64-917B-7D07BEA68472}.Release|x64.ActiveCfg = Release|x64
		{982BBAFA-2686-4C64-917B-7D07BEA68472}.Release|x64.Build.0 = Release|x64
		{982BBAFA-2686-4C64-917B-7D07BEA68472}.Release|x86.ActiveCfg = Release|Win32
		{982BBAFA-2686-4C64-917B-7D07BEA68472}.Release|x86.Build.0 = Release|Win32
		{D3AD64EC-093B-415C-8966-2E2911946A58}.Debug|x64.ActiveCfg = Debug|x64
		{D3AD64EC-093B-415C-8966-2E2911946A58}.Debug|x64.Build.0 = Debug|x64
		{D3AD64EC-093B-415C-8966-2E2911946A58}.Debug|x86.ActiveCfg = Debug|Win32
		{D3AD64EC-093B-415C-8966-2E2911946A58}.Debug|x86.Build.0 = Debug|Win32
		{D3AD64EC-093B-415C-8966-2E2911946A58}.Release|x64.ActiveCfg = Release|x64
		{D3AD64EC-093B-415C-8966-2E2911946A58}.Release|x64.Build.0 = Release|x64
		{D3AD64EC-093B-415C-8966-2E2911946A58}.Release|x86.ActiveCfg = Release|Win32
		{D3AD64EC-093B-415C-8966-2E2911946A58}.Release|x86.Build.0 = Release|Win32
		{6D1D5114-83B2-4D4B-8686-6C9AE2E03A2B}.Debug|x64.ActiveCfg = Debug|x64
		{6D1D5114-83B2-4D4B-8686-6C9AE2E03A2B}.Debug|x64.Build.0 = Debug|x64
		{6D1D5114-83B2-4D4B-8686-6C9AE2E03A2B}.Debug|x86.ActiveCfg = Debug|Win32
		{6D1D5114-83B2-4D4B-8686-6C9AE2E03A2B}.Debug|x86.Build.0 = Debug|Win32
		{6D1D5114-83B2-4D4B-8686-6C9AE2E03A2B}.Release|x64.ActiveCfg = Release|x64
		{6D1D5114-83B2-4D4B-8686-6C9AE2E03A2B}.Release|x64.Build.0 = Release|x64
		{6D1D5114-83B2-4D4B-8686-6C9AE2E03A2B}.Release|x86.ActiveCfg = Release|Win32
		{6D1D5114-83B2-4D4B-8686-6C9AE2E03A2B}.Release|x86.Build.0 = Release|Win32
	EndGlobalSection
	GlobalSection(SolutionProperties) = preSolution
		HideSolutionNode = FALSE
	EndGlobalSection
	GlobalSection(ExtensibilityGlobals) = postSolution
		SolutionGuid = {CA488C6A-8717-4C66-BACC-E8A808F32310}
	EndGlobalSection
EndGlobal
